
Microsoft Visual Studio Solution File, Format Version 12.00
# Visual Studio Version 17
VisualStudioVersion = 17.7.34031.279
MinimumVisualStudioVersion = 10.0.40219.1
Project("{9A19103F-16F7-4668-BE54-9A1E7A4F7556}") = "AuthServer.API", "AuthServer.API\AuthServer.API.csproj", "{3EA8A99D-9D1E-4478-B6B3-BBDCF6DF4ACB}"
EndProject
Project("{9A19103F-16F7-4668-BE54-9A1E7A4F7556}") = "AuthServer.Core", "AuthServer.Core\AuthServer.Core.csproj", "{ABBFF1E9-E6E4-4C70-A020-21FBD0DC3100}"
EndProject
Project("{9A19103F-16F7-4668-BE54-9A1E7A4F7556}") = "AuthServer.Data", "AuthServer.Data\AuthServer.Data.csproj", "{CCE49B1B-6108-4ACB-8268-5F1E89DBB4BE}"
EndProject
Project("{9A19103F-16F7-4668-BE54-9A1E7A4F7556}") = "AuthServer.Service", "AuthServer.Service\AuthServer.Service.csproj", "{4C30839A-4722-465E-AE34-CF1B07A270B9}"
EndProject
Project("{9A19103F-16F7-4668-BE54-9A1E7A4F7556}") = "MiniApp1.API", "MiniApp1.API\MiniApp1.API.csproj", "{50D5409F-DDDF-45BD-B787-3BCAF4847D0B}"
EndProject
Project("{9A19103F-16F7-4668-BE54-9A1E7A4F7556}") = "MiniApp2.API", "MiniApp2.API\MiniApp2.API.csproj", "{BA0D8CDD-0C39-46F9-ACA2-C190A5181834}"
EndProject
Project("{9A19103F-16F7-4668-BE54-9A1E7A4F7556}") = "MiniApp3.API", "MiniApp3.API\MiniApp3.API.csproj", "{6CBDEAE1-F6A4-4377-B5DF-C5D8D7461618}"
EndProject
Project("{FAE04EC0-301F-11D3-BF4B-00C04F79EFBC}") = "AuthServer.SharedLibrary", "AuthServer.SharedLibrary\AuthServer.SharedLibrary.csproj", "{BE304BC9-FA59-47A3-8B37-0DBC83642CD2}"
EndProject
Global
	GlobalSection(SolutionConfigurationPlatforms) = preSolution
		Debug|Any CPU = Debug|Any CPU
		Release|Any CPU = Release|Any CPU
	EndGlobalSection
	GlobalSection(ProjectConfigurationPlatforms) = postSolution
		{3EA8A99D-9D1E-4478-B6B3-BBDCF6DF4ACB}.Debug|Any CPU.ActiveCfg = Debug|Any CPU
		{3EA8A99D-9D1E-4478-B6B3-BBDCF6DF4ACB}.Debug|Any CPU.Build.0 = Debug|Any CPU
		{3EA8A99D-9D1E-4478-B6B3-BBDCF6DF4ACB}.Release|Any CPU.ActiveCfg = Release|Any CPU
		{3EA8A99D-9D1E-4478-B6B3-BBDCF6DF4ACB}.Release|Any CPU.Build.0 = Release|Any CPU
		{ABBFF1E9-E6E4-4C70-A020-21FBD0DC3100}.Debug|Any CPU.ActiveCfg = Debug|Any CPU
		{ABBFF1E9-E6E4-4C70-A020-21FBD0DC3100}.Debug|Any CPU.Build.0 = Debug|Any CPU
		{ABBFF1E9-E6E4-4C70-A020-21FBD0DC3100}.Release|Any CPU.ActiveCfg = Release|Any CPU
		{ABBFF1E9-E6E4-4C70-A020-21FBD0DC3100}.Release|Any CPU.Build.0 = Release|Any CPU
		{CCE49B1B-6108-4ACB-8268-5F1E89DBB4BE}.Debug|Any CPU.ActiveCfg = Debug|Any CPU
		{CCE49B1B-6108-4ACB-8268-5F1E89DBB4BE}.Debug|Any CPU.Build.0 = Debug|Any CPU
		{CCE49B1B-6108-4ACB-8268-5F1E89DBB4BE}.Release|Any CPU.ActiveCfg = Release|Any CPU
		{CCE49B1B-6108-4ACB-8268-5F1E89DBB4BE}.Release|Any CPU.Build.0 = Release|Any CPU
		{4C30839A-4722-465E-AE34-CF1B07A270B9}.Debug|Any CPU.ActiveCfg = Debug|Any CPU
		{4C30839A-4722-465E-AE34-CF1B07A270B9}.Debug|Any CPU.Build.0 = Debug|Any CPU
		{4C30839A-4722-465E-AE34-CF1B07A270B9}.Release|Any CPU.ActiveCfg = Release|Any CPU
		{4C30839A-4722-465E-AE34-CF1B07A270B9}.Release|Any CPU.Build.0 = Release|Any CPU
		{50D5409F-DDDF-45BD-B787-3BCAF4847D0B}.Debug|Any CPU.ActiveCfg = Debug|Any CPU
		{50D5409F-DDDF-45BD-B787-3BCAF4847D0B}.Debug|Any CPU.Build.0 = Debug|Any CPU
		{50D5409F-DDDF-45BD-B787-3BCAF4847D0B}.Release|Any CPU.ActiveCfg = Release|Any CPU
		{50D5409F-DDDF-45BD-B787-3BCAF4847D0B}.Release|Any CPU.Build.0 = Release|Any CPU
		{BA0D8CDD-0C39-46F9-ACA2-C190A5181834}.Debug|Any CPU.ActiveCfg = Debug|Any CPU
		{BA0D8CDD-0C39-46F9-ACA2-C190A5181834}.Debug|Any CPU.Build.0 = Debug|Any CPU
		{BA0D8CDD-0C39-46F9-ACA2-C190A5181834}.Release|Any CPU.ActiveCfg = Release|Any CPU
		{BA0D8CDD-0C39-46F9-ACA2-C190A5181834}.Release|Any CPU.Build.0 = Release|Any CPU
		{6CBDEAE1-F6A4-4377-B5DF-C5D8D7461618}.Debug|Any CPU.ActiveCfg = Debug|Any CPU
		{6CBDEAE1-F6A4-4377-B5DF-C5D8D7461618}.Debug|Any CPU.Build.0 = Debug|Any CPU
		{6CBDEAE1-F6A4-4377-B5DF-C5D8D7461618}.Release|Any CPU.ActiveCfg = Release|Any CPU
		{6CBDEAE1-F6A4-4377-B5DF-C5D8D7461618}.Release|Any CPU.Build.0 = Release|Any CPU
		{BE304BC9-FA59-47A3-8B37-0DBC83642CD2}.Debug|Any CPU.ActiveCfg = Debug|Any CPU
		{BE304BC9-FA59-47A3-8B37-0DBC83642CD2}.Debug|Any CPU.Build.0 = Debug|Any CPU
		{BE304BC9-FA59-47A3-8B37-0DBC83642CD2}.Release|Any CPU.ActiveCfg = Release|Any CPU
		{BE304BC9-FA59-47A3-8B37-0DBC83642CD2}.Release|Any CPU.Build.0 = Release|Any CPU
	EndGlobalSection
	GlobalSection(SolutionProperties) = preSolution
		HideSolutionNode = FALSE
	EndGlobalSection
	GlobalSection(ExtensibilityGlobals) = postSolution
		SolutionGuid = {3CE8407E-DB5E-4E4A-8C31-A91A1EDF22B1}
	EndGlobalSection
EndGlobal
